
Microsoft Visual Studio Solution File, Format Version 12.00
# Visual Studio Version 16
VisualStudioVersion = 16.0.31129.286
MinimumVisualStudioVersion = 10.0.40219.1
Project("{FAE04EC0-301F-11D3-BF4B-00C04F79EFBC}") = "SharpHotkeys", "SharpHotkeys\SharpHotkeys.csproj", "{C8C32F5B-FB51-4CDE-BDA7-3D0DB9CAEE2A}"
EndProject
Project("{FAE04EC0-301F-11D3-BF4B-00C04F79EFBC}") = "Sample", "Sample\Sample.csproj", "{BF1156DE-9E3C-4BFF-B72F-C2038FD1D396}"
EndProject
Project("{FAE04EC0-301F-11D3-BF4B-00C04F79EFBC}") = "SharpHotkeys.WPF", "SharpHotkeys.WPF\SharpHotkeys.WPF.csproj", "{44D00E07-19CC-421B-B813-FDA2BAE326EA}"
EndProject
Global
	GlobalSection(SolutionConfigurationPlatforms) = preSolution
		Debug|Any CPU = Debug|Any CPU
		Debug|ARM = Debug|ARM
		Debug|ARM64 = Debug|ARM64
		Debug|x64 = Debug|x64
		Debug|x86 = Debug|x86
		Release|Any CPU = Release|Any CPU
		Release|ARM = Release|ARM
		Release|ARM64 = Release|ARM64
		Release|x64 = Release|x64
		Release|x86 = Release|x86
	EndGlobalSection
	GlobalSection(ProjectConfigurationPlatforms) = postSolution
		{C8C32F5B-FB51-4CDE-BDA7-3D0DB9CAEE2A}.Debug|Any CPU.ActiveCfg = Debug|Any CPU
		{C8C32F5B-FB51-4CDE-BDA7-3D0DB9CAEE2A}.Debug|Any CPU.Build.0 = Debug|Any CPU
		{C8C32F5B-FB51-4CDE-BDA7-3D0DB9CAEE2A}.Debug|ARM.ActiveCfg = Debug|Any CPU
		{C8C32F5B-FB51-4CDE-BDA7-3D0DB9CAEE2A}.Debug|ARM.Build.0 = Debug|Any CPU
		{C8C32F5B-FB51-4CDE-BDA7-3D0DB9CAEE2A}.Debug|ARM64.ActiveCfg = Debug|Any CPU
		{C8C32F5B-FB51-4CDE-BDA7-3D0DB9CAEE2A}.Debug|ARM64.Build.0 = Debug|Any CPU
		{C8C32F5B-FB51-4CDE-BDA7-3D0DB9CAEE2A}.Debug|x64.ActiveCfg = Debug|Any CPU
		{C8C32F5B-FB51-4CDE-BDA7-3D0DB9CAEE2A}.Debug|x64.Build.0 = Debug|Any CPU
		{C8C32F5B-FB51-4CDE-BDA7-3D0DB9CAEE2A}.Debug|x86.ActiveCfg = Debug|Any CPU
		{C8C32F5B-FB51-4CDE-BDA7-3D0DB9CAEE2A}.Debug|x86.Build.0 = Debug|Any CPU
		{C8C32F5B-FB51-4CDE-BDA7-3D0DB9CAEE2A}.Release|Any CPU.ActiveCfg = Release|Any CPU
		{C8C32F5B-FB51-4CDE-BDA7-3D0DB9CAEE2A}.Release|Any CPU.Build.0 = Release|Any CPU
		{C8C32F5B-FB51-4CDE-BDA7-3D0DB9CAEE2A}.Release|ARM.ActiveCfg = Release|Any CPU
		{C8C32F5B-FB51-4CDE-BDA7-3D0DB9CAEE2A}.Release|ARM.Build.0 = Release|Any CPU
		{C8C32F5B-FB51-4CDE-BDA7-3D0DB9CAEE2A}.Release|ARM64.ActiveCfg = Release|Any CPU
		{C8C32F5B-FB51-4CDE-BDA7-3D0DB9CAEE2A}.Release|ARM64.Build.0 = Release|Any CPU
		{C8C32F5B-FB51-4CDE-BDA7-3D0DB9CAEE2A}.Release|x64.ActiveCfg = Release|Any CPU
		{C8C32F5B-FB51-4CDE-BDA7-3D0DB9CAEE2A}.Release|x64.Build.0 = Release|Any CPU
		{C8C32F5B-FB51-4CDE-BDA7-3D0DB9CAEE2A}.Release|x86.ActiveCfg = Release|Any CPU
		{C8C32F5B-FB51-4CDE-BDA7-3D0DB9CAEE2A}.Release|x86.Build.0 = Release|Any CPU
		{BF1156DE-9E3C-4BFF-B72F-C2038FD1D396}.Debug|Any CPU.ActiveCfg = Debug|Any CPU
		{BF1156DE-9E3C-4BFF-B72F-C2038FD1D396}.Debug|Any CPU.Build.0 = Debug|Any CPU
		{BF1156DE-9E3C-4BFF-B72F-C2038FD1D396}.Debug|ARM.ActiveCfg = Debug|Any CPU
		{BF1156DE-9E3C-4BFF-B72F-C2038FD1D396}.Debug|ARM.Build.0 = Debug|Any CPU
		{BF1156DE-9E3C-4BFF-B72F-C2038FD1D396}.Debug|ARM64.ActiveCfg = Debug|Any CPU
		{BF1156DE-9E3C-4BFF-B72F-C2038FD1D396}.Debug|ARM64.Build.0 = Debug|Any CPU
		{BF1156DE-9E3C-4BFF-B72F-C2038FD1D396}.Debug|x64.ActiveCfg = Debug|Any CPU
		{BF1156DE-9E3C-4BFF-B72F-C2038FD1D396}.Debug|x64.Build.0 = Debug|Any CPU
		{BF1156DE-9E3C-4BFF-B72F-C2038FD1D396}.Debug|x86.ActiveCfg = Debug|Any CPU
		{BF1156DE-9E3C-4BFF-B72F-C2038FD1D396}.Debug|x86.Build.0 = Debug|Any CPU
		{BF1156DE-9E3C-4BFF-B72F-C2038FD1D396}.Release|Any CPU.ActiveCfg = Release|Any CPU
		{BF1156DE-9E3C-4BFF-B72F-C2038FD1D396}.Release|Any CPU.Build.0 = Release|Any CPU
		{BF1156DE-9E3C-4BFF-B72F-C2038FD1D396}.Release|ARM.ActiveCfg = Release|Any CPU
		{BF1156DE-9E3C-4BFF-B72F-C2038FD1D396}.Release|ARM.Build.0 = Release|Any CPU
		{BF1156DE-9E3C-4BFF-B72F-C2038FD1D396}.Release|ARM64.ActiveCfg = Release|Any CPU
		{BF1156DE-9E3C-4BFF-B72F-C2038FD1D396}.Release|ARM64.Build.0 = Release|Any CPU
		{BF1156DE-9E3C-4BFF-B72F-C2038FD1D396}.Release|x64.ActiveCfg = Release|Any CPU
		{BF1156DE-9E3C-4BFF-B72F-C2038FD1D396}.Release|x64.Build.0 = Release|Any CPU
		{BF1156DE-9E3C-4BFF-B72F-C2038FD1D396}.Release|x86.ActiveCfg = Release|Any CPU
		{BF1156DE-9E3C-4BFF-B72F-C2038FD1D396}.Release|x86.Build.0 = Release|Any CPU
		{44D00E07-19CC-421B-B813-FDA2BAE326EA}.Debug|Any CPU.ActiveCfg = Debug|Any CPU
		{44D00E07-19CC-421B-B813-FDA2BAE326EA}.Debug|Any CPU.Build.0 = Debug|Any CPU
		{44D00E07-19CC-421B-B813-FDA2BAE326EA}.Debug|ARM.ActiveCfg = Debug|Any CPU
		{44D00E07-19CC-421B-B813-FDA2BAE326EA}.Debug|ARM.Build.0 = Debug|Any CPU
		{44D00E07-19CC-421B-B813-FDA2BAE326EA}.Debug|ARM64.ActiveCfg = Debug|Any CPU
		{44D00E07-19CC-421B-B813-FDA2BAE326EA}.Debug|ARM64.Build.0 = Debug|Any CPU
		{44D00E07-19CC-421B-B813-FDA2BAE326EA}.Debug|x64.ActiveCfg = Debug|Any CPU
		{44D00E07-19CC-421B-B813-FDA2BAE326EA}.Debug|x64.Build.0 = Debug|Any CPU
		{44D00E07-19CC-421B-B813-FDA2BAE326EA}.Debug|x86.ActiveCfg = Debug|Any CPU
		{44D00E07-19CC-421B-B813-FDA2BAE326EA}.Debug|x86.Build.0 = Debug|Any CPU
		{44D00E07-19CC-421B-B813-FDA2BAE326EA}.Release|Any CPU.ActiveCfg = Release|Any CPU
		{44D00E07-19CC-421B-B813-FDA2BAE326EA}.Release|Any CPU.Build.0 = Release|Any CPU
		{44D00E07-19CC-421B-B813-FDA2BAE326EA}.Release|ARM.ActiveCfg = Release|Any CPU
		{44D00E07-19CC-421B-B813-FDA2BAE326EA}.Release|ARM.Build.0 = Release|Any CPU
		{44D00E07-19CC-421B-B813-FDA2BAE326EA}.Release|ARM64.ActiveCfg = Release|Any CPU
		{44D00E07-19CC-421B-B813-FDA2BAE326EA}.Release|ARM64.Build.0 = Release|Any CPU
		{44D00E07-19CC-421B-B813-FDA2BAE326EA}.Release|x64.ActiveCfg = Release|Any CPU
		{44D00E07-19CC-421B-B813-FDA2BAE326EA}.Release|x64.Build.0 = Release|Any CPU
		{44D00E07-19CC-421B-B813-FDA2BAE326EA}.Release|x86.ActiveCfg = Release|Any CPU
		{44D00E07-19CC-421B-B813-FDA2BAE326EA}.Release|x86.Build.0 = Release|Any CPU
	EndGlobalSection
	GlobalSection(SolutionProperties) = preSolution
		HideSolutionNode = FALSE
	EndGlobalSection
	GlobalSection(ExtensibilityGlobals) = postSolution
		SolutionGuid = {92C51863-058D-42A6-A741-921F005C3246}
	EndGlobalSection
EndGlobal
